
Microsoft Visual Studio Solution File, Format Version 12.00
# Visual Studio Version 16
VisualStudioVersion = 16.0.31702.278
MinimumVisualStudioVersion = 10.0.40219.1
Project("{FAE04EC0-301F-11D3-BF4B-00C04F79EFBC}") = "Scheduler", "Scheduler\Scheduler.csproj", "{087CD4D2-CA02-449F-95F9-29F459865244}"
EndProject
Global
	GlobalSection(SolutionConfigurationPlatforms) = preSolution
		Debug|Any CPU = Debug|Any CPU
		Release|Any CPU = Release|Any CPU
	EndGlobalSection
	GlobalSection(ProjectConfigurationPlatforms) = postSolution
		{087CD4D2-CA02-449F-95F9-29F459865244}.Debug|Any CPU.ActiveCfg = Debug|Any CPU
		{087CD4D2-CA02-449F-95F9-29F459865244}.Debug|Any CPU.Build.0 = Debug|Any CPU
		{087CD4D2-CA02-449F-95F9-29F459865244}.Release|Any CPU.ActiveCfg = Release|Any CPU
		{087CD4D2-CA02-449F-95F9-29F459865244}.Release|Any CPU.Build.0 = Release|Any CPU
	EndGlobalSection
	GlobalSection(SolutionProperties) = preSolution
		HideSolutionNode = FALSE
	EndGlobalSection
	GlobalSection(ExtensibilityGlobals) = postSolution
		SolutionGuid = {30427639-787D-44F5-8AED-049B186D2F03}
	EndGlobalSection
EndGlobal
